// !$*UTF8*$!
{
	archiveVersion = 1;
	classes = {
	};
	objectVersion = 48;
	objects = {

/* Begin PBXBuildFile section */
		0827ED9921EBB11100D17E65 /* MessageModel.swift in Sources */ = {isa = PBXBuildFile; fileRef = 0827ED9821EBB11100D17E65 /* MessageModel.swift */; };
		0827ED9B21EBB42500D17E65 /* MessagesStoryboard.storyboard in Resources */ = {isa = PBXBuildFile; fileRef = 0827ED9A21EBB42500D17E65 /* MessagesStoryboard.storyboard */; };
		0827ED9D21EBBD0500D17E65 /* MessageTableViewCell.swift in Sources */ = {isa = PBXBuildFile; fileRef = 0827ED9C21EBBD0500D17E65 /* MessageTableViewCell.swift */; };
		082D395321EBA5FD009A3FE8 /* MessagesViewController.swift in Sources */ = {isa = PBXBuildFile; fileRef = 082D395221EBA5FD009A3FE8 /* MessagesViewController.swift */; };
		085F80AC21EBC76C004A238F /* RepliesViewController.swift in Sources */ = {isa = PBXBuildFile; fileRef = 085F80AB21EBC76C004A238F /* RepliesViewController.swift */; };
		087A59F521EB7BBB002203E4 /* Api42Delegate.swift in Sources */ = {isa = PBXBuildFile; fileRef = 087A59F421EB7BBB002203E4 /* Api42Delegate.swift */; };
		08EAC51421EA169E0023FF98 /* AppDelegate.swift in Sources */ = {isa = PBXBuildFile; fileRef = 08EAC51321EA169E0023FF98 /* AppDelegate.swift */; };
		08EAC51621EA169E0023FF98 /* ViewController.swift in Sources */ = {isa = PBXBuildFile; fileRef = 08EAC51521EA169E0023FF98 /* ViewController.swift */; };
		08EAC51921EA169E0023FF98 /* Main.storyboard in Resources */ = {isa = PBXBuildFile; fileRef = 08EAC51721EA169E0023FF98 /* Main.storyboard */; };
		08EAC51B21EA169E0023FF98 /* Assets.xcassets in Resources */ = {isa = PBXBuildFile; fileRef = 08EAC51A21EA169E0023FF98 /* Assets.xcassets */; };
		08EAC51E21EA169E0023FF98 /* LaunchScreen.storyboard in Resources */ = {isa = PBXBuildFile; fileRef = 08EAC51C21EA169E0023FF98 /* LaunchScreen.storyboard */; };
		08EAC52821EA1BE90023FF98 /* 42ApiCredentials.swift in Sources */ = {isa = PBXBuildFile; fileRef = 08EAC52721EA1BE90023FF98 /* 42ApiCredentials.swift */; };
		08EAC52A21EA3FF60023FF98 /* AuthorisationViewController.swift in Sources */ = {isa = PBXBuildFile; fileRef = 08EAC52921EA3FF60023FF98 /* AuthorisationViewController.swift */; };
		DC31D0F321EB603900864CC5 /* APIController.swift in Sources */ = {isa = PBXBuildFile; fileRef = DC31D0F221EB603900864CC5 /* APIController.swift */; };
		DC31D0F821EB60FB00864CC5 /* TopicsStoryboard.storyboard in Resources */ = {isa = PBXBuildFile; fileRef = DC31D0F721EB60FB00864CC5 /* TopicsStoryboard.storyboard */; };
		DC31D0FA21EB635700864CC5 /* TopicModel.swift in Sources */ = {isa = PBXBuildFile; fileRef = DC31D0F921EB635700864CC5 /* TopicModel.swift */; };
		DC31D0FC21EB6D4900864CC5 /* TopicsTableViewCell.swift in Sources */ = {isa = PBXBuildFile; fileRef = DC31D0FB21EB6D4900864CC5 /* TopicsTableViewCell.swift */; };
		DC31D0FE21EB7F6E00864CC5 /* AuthorizationController.swift in Sources */ = {isa = PBXBuildFile; fileRef = DC31D0FD21EB7F6E00864CC5 /* AuthorizationController.swift */; };
		DC31D10021EBCAF700864CC5 /* UserController.swift in Sources */ = {isa = PBXBuildFile; fileRef = DC31D0FF21EBCAF700864CC5 /* UserController.swift */; };
		DC31D10221EBCB5900864CC5 /* UserModel.swift in Sources */ = {isa = PBXBuildFile; fileRef = DC31D10121EBCB5900864CC5 /* UserModel.swift */; };
		DC57A58821EAB565001CD8D7 /* TopicsViewController.swift in Sources */ = {isa = PBXBuildFile; fileRef = DC57A58721EAB565001CD8D7 /* TopicsViewController.swift */; };
/* End PBXBuildFile section */

/* Begin PBXFileReference section */
		0827ED9821EBB11100D17E65 /* MessageModel.swift */ = {isa = PBXFileReference; lastKnownFileType = sourcecode.swift; path = MessageModel.swift; sourceTree = "<group>"; };
		0827ED9A21EBB42500D17E65 /* MessagesStoryboard.storyboard */ = {isa = PBXFileReference; lastKnownFileType = file.storyboard; path = MessagesStoryboard.storyboard; sourceTree = "<group>"; };
		0827ED9C21EBBD0500D17E65 /* MessageTableViewCell.swift */ = {isa = PBXFileReference; lastKnownFileType = sourcecode.swift; path = MessageTableViewCell.swift; sourceTree = "<group>"; };
		082D395221EBA5FD009A3FE8 /* MessagesViewController.swift */ = {isa = PBXFileReference; lastKnownFileType = sourcecode.swift; path = MessagesViewController.swift; sourceTree = "<group>"; };
		085F80AB21EBC76C004A238F /* RepliesViewController.swift */ = {isa = PBXFileReference; lastKnownFileType = sourcecode.swift; path = RepliesViewController.swift; sourceTree = "<group>"; };
		087A59F421EB7BBB002203E4 /* Api42Delegate.swift */ = {isa = PBXFileReference; lastKnownFileType = sourcecode.swift; path = Api42Delegate.swift; sourceTree = "<group>"; };
		08EAC51021EA169E0023FF98 /* Rush00.app */ = {isa = PBXFileReference; explicitFileType = wrapper.application; includeInIndex = 0; path = Rush00.app; sourceTree = BUILT_PRODUCTS_DIR; };
		08EAC51321EA169E0023FF98 /* AppDelegate.swift */ = {isa = PBXFileReference; lastKnownFileType = sourcecode.swift; path = AppDelegate.swift; sourceTree = "<group>"; };
		08EAC51521EA169E0023FF98 /* ViewController.swift */ = {isa = PBXFileReference; lastKnownFileType = sourcecode.swift; path = ViewController.swift; sourceTree = "<group>"; };
		08EAC51821EA169E0023FF98 /* Base */ = {isa = PBXFileReference; lastKnownFileType = file.storyboard; name = Base; path = Base.lproj/Main.storyboard; sourceTree = "<group>"; };
		08EAC51A21EA169E0023FF98 /* Assets.xcassets */ = {isa = PBXFileReference; lastKnownFileType = folder.assetcatalog; path = Assets.xcassets; sourceTree = "<group>"; };
		08EAC51D21EA169E0023FF98 /* Base */ = {isa = PBXFileReference; lastKnownFileType = file.storyboard; name = Base; path = Base.lproj/LaunchScreen.storyboard; sourceTree = "<group>"; };
		08EAC51F21EA169E0023FF98 /* Info.plist */ = {isa = PBXFileReference; lastKnownFileType = text.plist.xml; path = Info.plist; sourceTree = "<group>"; };
		08EAC52721EA1BE90023FF98 /* 42ApiCredentials.swift */ = {isa = PBXFileReference; lastKnownFileType = sourcecode.swift; path = 42ApiCredentials.swift; sourceTree = "<group>"; };
		08EAC52921EA3FF60023FF98 /* AuthorisationViewController.swift */ = {isa = PBXFileReference; lastKnownFileType = sourcecode.swift; path = AuthorisationViewController.swift; sourceTree = "<group>"; };
		DC31D0F221EB603900864CC5 /* APIController.swift */ = {isa = PBXFileReference; lastKnownFileType = sourcecode.swift; path = APIController.swift; sourceTree = "<group>"; };
		DC31D0F721EB60FB00864CC5 /* TopicsStoryboard.storyboard */ = {isa = PBXFileReference; lastKnownFileType = file.storyboard; path = TopicsStoryboard.storyboard; sourceTree = "<group>"; };
		DC31D0F921EB635700864CC5 /* TopicModel.swift */ = {isa = PBXFileReference; lastKnownFileType = sourcecode.swift; path = TopicModel.swift; sourceTree = "<group>"; };
		DC31D0FB21EB6D4900864CC5 /* TopicsTableViewCell.swift */ = {isa = PBXFileReference; lastKnownFileType = sourcecode.swift; path = TopicsTableViewCell.swift; sourceTree = "<group>"; };
		DC31D0FD21EB7F6E00864CC5 /* AuthorizationController.swift */ = {isa = PBXFileReference; lastKnownFileType = sourcecode.swift; path = AuthorizationController.swift; sourceTree = "<group>"; };
		DC31D0FF21EBCAF700864CC5 /* UserController.swift */ = {isa = PBXFileReference; lastKnownFileType = sourcecode.swift; path = UserController.swift; sourceTree = "<group>"; };
		DC31D10121EBCB5900864CC5 /* UserModel.swift */ = {isa = PBXFileReference; lastKnownFileType = sourcecode.swift; path = UserModel.swift; sourceTree = "<group>"; };
		DC57A58721EAB565001CD8D7 /* TopicsViewController.swift */ = {isa = PBXFileReference; lastKnownFileType = sourcecode.swift; path = TopicsViewController.swift; sourceTree = "<group>"; };
/* End PBXFileReference section */

/* Begin PBXFrameworksBuildPhase section */
		08EAC50D21EA169E0023FF98 /* Frameworks */ = {
			isa = PBXFrameworksBuildPhase;
			buildActionMask = 2147483647;
			files = (
			);
			runOnlyForDeploymentPostprocessing = 0;
		};
/* End PBXFrameworksBuildPhase section */

/* Begin PBXGroup section */
		08EAC50721EA169E0023FF98 = {
			isa = PBXGroup;
			children = (
				08EAC51221EA169E0023FF98 /* Rush00 */,
				08EAC51121EA169E0023FF98 /* Products */,
			);
			sourceTree = "<group>";
		};
		08EAC51121EA169E0023FF98 /* Products */ = {
			isa = PBXGroup;
			children = (
				08EAC51021EA169E0023FF98 /* Rush00.app */,
			);
			name = Products;
			sourceTree = "<group>";
		};
		08EAC51221EA169E0023FF98 /* Rush00 */ = {
			isa = PBXGroup;
			children = (
				DC31D0F521EB607700864CC5 /* Models */,
				DC31D0F621EB608B00864CC5 /* Views */,
				DC31D0F421EB604400864CC5 /* Controllers */,
				08EAC51321EA169E0023FF98 /* AppDelegate.swift */,
				08EAC51A21EA169E0023FF98 /* Assets.xcassets */,
				08EAC51C21EA169E0023FF98 /* LaunchScreen.storyboard */,
				08EAC51F21EA169E0023FF98 /* Info.plist */,
			);
			path = Rush00;
			sourceTree = "<group>";
		};
		DC31D0F421EB604400864CC5 /* Controllers */ = {
			isa = PBXGroup;
			children = (
				DC31D0F221EB603900864CC5 /* APIController.swift */,
				DC31D0FF21EBCAF700864CC5 /* UserController.swift */,
				DC31D0FD21EB7F6E00864CC5 /* AuthorizationController.swift */,
			);
			path = Controllers;
			sourceTree = "<group>";
		};
		DC31D0F521EB607700864CC5 /* Models */ = {
			isa = PBXGroup;
			children = (
				087A59F421EB7BBB002203E4 /* Api42Delegate.swift */,
				DC31D0F921EB635700864CC5 /* TopicModel.swift */,
				08EAC52721EA1BE90023FF98 /* 42ApiCredentials.swift */,
				0827ED9821EBB11100D17E65 /* MessageModel.swift */,
				DC31D10121EBCB5900864CC5 /* UserModel.swift */,
			);
			path = Models;
			sourceTree = "<group>";
		};
		DC31D0F621EB608B00864CC5 /* Views */ = {
			isa = PBXGroup;
			children = (
				08EAC52921EA3FF60023FF98 /* AuthorisationViewController.swift */,
				DC57A58721EAB565001CD8D7 /* TopicsViewController.swift */,
				08EAC51721EA169E0023FF98 /* Main.storyboard */,
				DC31D0F721EB60FB00864CC5 /* TopicsStoryboard.storyboard */,
				082D395221EBA5FD009A3FE8 /* MessagesViewController.swift */,
				DC31D0FB21EB6D4900864CC5 /* TopicsTableViewCell.swift */,
				08EAC51521EA169E0023FF98 /* ViewController.swift */,
				0827ED9A21EBB42500D17E65 /* MessagesStoryboard.storyboard */,
				0827ED9C21EBBD0500D17E65 /* MessageTableViewCell.swift */,
				085F80AB21EBC76C004A238F /* RepliesViewController.swift */,
			);
			path = Views;
			sourceTree = "<group>";
		};
/* End PBXGroup section */

/* Begin PBXNativeTarget section */
		08EAC50F21EA169E0023FF98 /* Rush00 */ = {
			isa = PBXNativeTarget;
			buildConfigurationList = 08EAC52221EA169E0023FF98 /* Build configuration list for PBXNativeTarget "Rush00" */;
			buildPhases = (
				08EAC50C21EA169E0023FF98 /* Sources */,
				08EAC50D21EA169E0023FF98 /* Frameworks */,
				08EAC50E21EA169E0023FF98 /* Resources */,
			);
			buildRules = (
			);
			dependencies = (
			);
			name = Rush00;
			productName = Rush00;
			productReference = 08EAC51021EA169E0023FF98 /* Rush00.app */;
			productType = "com.apple.product-type.application";
		};
/* End PBXNativeTarget section */

/* Begin PBXProject section */
		08EAC50821EA169E0023FF98 /* Project object */ = {
			isa = PBXProject;
			attributes = {
				LastSwiftUpdateCheck = 0920;
				LastUpgradeCheck = 0920;
				ORGANIZATIONNAME = "Mathieu MOULLEC";
				TargetAttributes = {
					08EAC50F21EA169E0023FF98 = {
						CreatedOnToolsVersion = 9.2;
						ProvisioningStyle = Automatic;
					};
				};
			};
			buildConfigurationList = 08EAC50B21EA169E0023FF98 /* Build configuration list for PBXProject "Rush00" */;
			compatibilityVersion = "Xcode 8.0";
			developmentRegion = en;
			hasScannedForEncodings = 0;
			knownRegions = (
				en,
				Base,
			);
			mainGroup = 08EAC50721EA169E0023FF98;
			productRefGroup = 08EAC51121EA169E0023FF98 /* Products */;
			projectDirPath = "";
			projectRoot = "";
			targets = (
				08EAC50F21EA169E0023FF98 /* Rush00 */,
			);
		};
/* End PBXProject section */

/* Begin PBXResourcesBuildPhase section */
		08EAC50E21EA169E0023FF98 /* Resources */ = {
			isa = PBXResourcesBuildPhase;
			buildActionMask = 2147483647;
			files = (
				08EAC51E21EA169E0023FF98 /* LaunchScreen.storyboard in Resources */,
				DC31D0F821EB60FB00864CC5 /* TopicsStoryboard.storyboard in Resources */,
				08EAC51B21EA169E0023FF98 /* Assets.xcassets in Resources */,
				08EAC51921EA169E0023FF98 /* Main.storyboard in Resources */,
				0827ED9B21EBB42500D17E65 /* MessagesStoryboard.storyboard in Resources */,
			);
			runOnlyForDeploymentPostprocessing = 0;
		};
/* End PBXResourcesBuildPhase section */

/* Begin PBXSourcesBuildPhase section */
		08EAC50C21EA169E0023FF98 /* Sources */ = {
			isa = PBXSourcesBuildPhase;
			buildActionMask = 2147483647;
			files = (
				DC31D0FE21EB7F6E00864CC5 /* AuthorizationController.swift in Sources */,
				DC57A58821EAB565001CD8D7 /* TopicsViewController.swift in Sources */,
				087A59F521EB7BBB002203E4 /* Api42Delegate.swift in Sources */,
				08EAC51621EA169E0023FF98 /* ViewController.swift in Sources */,
				08EAC51421EA169E0023FF98 /* AppDelegate.swift in Sources */,
				DC31D10021EBCAF700864CC5 /* UserController.swift in Sources */,
				DC31D0F321EB603900864CC5 /* APIController.swift in Sources */,
				08EAC52821EA1BE90023FF98 /* 42ApiCredentials.swift in Sources */,
				DC31D10221EBCB5900864CC5 /* UserModel.swift in Sources */,
				0827ED9D21EBBD0500D17E65 /* MessageTableViewCell.swift in Sources */,
				0827ED9921EBB11100D17E65 /* MessageModel.swift in Sources */,
				08EAC52A21EA3FF60023FF98 /* AuthorisationViewController.swift in Sources */,
				DC31D0FA21EB635700864CC5 /* TopicModel.swift in Sources */,
				082D395321EBA5FD009A3FE8 /* MessagesViewController.swift in Sources */,
				DC31D0FC21EB6D4900864CC5 /* TopicsTableViewCell.swift in Sources */,
				085F80AC21EBC76C004A238F /* RepliesViewController.swift in Sources */,
			);
			runOnlyForDeploymentPostprocessing = 0;
		};
/* End PBXSourcesBuildPhase section */

/* Begin PBXVariantGroup section */
		08EAC51721EA169E0023FF98 /* Main.storyboard */ = {
			isa = PBXVariantGroup;
			children = (
				08EAC51821EA169E0023FF98 /* Base */,
			);
			name = Main.storyboard;
			sourceTree = "<group>";
		};
		08EAC51C21EA169E0023FF98 /* LaunchScreen.storyboard */ = {
			isa = PBXVariantGroup;
			children = (
				08EAC51D21EA169E0023FF98 /* Base */,
			);
			name = LaunchScreen.storyboard;
			sourceTree = "<group>";
		};
/* End PBXVariantGroup section */

/* Begin XCBuildConfiguration section */
		08EAC52021EA169E0023FF98 /* Debug */ = {
			isa = XCBuildConfiguration;
			buildSettings = {
				ALWAYS_SEARCH_USER_PATHS = NO;
				CLANG_ANALYZER_NONNULL = YES;
				CLANG_ANALYZER_NUMBER_OBJECT_CONVERSION = YES_AGGRESSIVE;
				CLANG_CXX_LANGUAGE_STANDARD = "gnu++14";
				CLANG_CXX_LIBRARY = "libc++";
				CLANG_ENABLE_MODULES = YES;
				CLANG_ENABLE_OBJC_ARC = YES;
				CLANG_WARN_BLOCK_CAPTURE_AUTORELEASING = YES;
				CLANG_WARN_BOOL_CONVERSION = YES;
				CLANG_WARN_COMMA = YES;
				CLANG_WARN_CONSTANT_CONVERSION = YES;
				CLANG_WARN_DIRECT_OBJC_ISA_USAGE = YES_ERROR;
				CLANG_WARN_DOCUMENTATION_COMMENTS = YES;
				CLANG_WARN_EMPTY_BODY = YES;
				CLANG_WARN_ENUM_CONVERSION = YES;
				CLANG_WARN_INFINITE_RECURSION = YES;
				CLANG_WARN_INT_CONVERSION = YES;
				CLANG_WARN_NON_LITERAL_NULL_CONVERSION = YES;
				CLANG_WARN_OBJC_LITERAL_CONVERSION = YES;
				CLANG_WARN_OBJC_ROOT_CLASS = YES_ERROR;
				CLANG_WARN_RANGE_LOOP_ANALYSIS = YES;
				CLANG_WARN_STRICT_PROTOTYPES = YES;
				CLANG_WARN_SUSPICIOUS_MOVE = YES;
				CLANG_WARN_UNGUARDED_AVAILABILITY = YES_AGGRESSIVE;
				CLANG_WARN_UNREACHABLE_CODE = YES;
				CLANG_WARN__DUPLICATE_METHOD_MATCH = YES;
				CODE_SIGN_IDENTITY = "iPhone Developer";
				COPY_PHASE_STRIP = NO;
				DEBUG_INFORMATION_FORMAT = dwarf;
				ENABLE_STRICT_OBJC_MSGSEND = YES;
				ENABLE_TESTABILITY = YES;
				GCC_C_LANGUAGE_STANDARD = gnu11;
				GCC_DYNAMIC_NO_PIC = NO;
				GCC_NO_COMMON_BLOCKS = YES;
				GCC_OPTIMIZATION_LEVEL = 0;
				GCC_PREPROCESSOR_DEFINITIONS = (
					"DEBUG=1",
					"$(inherited)",
				);
				GCC_WARN_64_TO_32_BIT_CONVERSION = YES;
				GCC_WARN_ABOUT_RETURN_TYPE = YES_ERROR;
				GCC_WARN_UNDECLARED_SELECTOR = YES;
				GCC_WARN_UNINITIALIZED_AUTOS = YES_AGGRESSIVE;
				GCC_WARN_UNUSED_FUNCTION = YES;
				GCC_WARN_UNUSED_VARIABLE = YES;
				IPHONEOS_DEPLOYMENT_TARGET = 11.2;
				MTL_ENABLE_DEBUG_INFO = YES;
				ONLY_ACTIVE_ARCH = YES;
				SDKROOT = iphoneos;
				SWIFT_ACTIVE_COMPILATION_CONDITIONS = DEBUG;
				SWIFT_OPTIMIZATION_LEVEL = "-Onone";
			};
			name = Debug;
		};
		08EAC52121EA169E0023FF98 /* Release */ = {
			isa = XCBuildConfiguration;
			buildSettings = {
				ALWAYS_SEARCH_USER_PATHS = NO;
				CLANG_ANALYZER_NONNULL = YES;
				CLANG_ANALYZER_NUMBER_OBJECT_CONVERSION = YES_AGGRESSIVE;
				CLANG_CXX_LANGUAGE_STANDARD = "gnu++14";
				CLANG_CXX_LIBRARY = "libc++";
				CLANG_ENABLE_MODULES = YES;
				CLANG_ENABLE_OBJC_ARC = YES;
				CLANG_WARN_BLOCK_CAPTURE_AUTORELEASING = YES;
				CLANG_WARN_BOOL_CONVERSION = YES;
				CLANG_WARN_COMMA = YES;
				CLANG_WARN_CONSTANT_CONVERSION = YES;
				CLANG_WARN_DIRECT_OBJC_ISA_USAGE = YES_ERROR;
				CLANG_WARN_DOCUMENTATION_COMMENTS = YES;
				CLANG_WARN_EMPTY_BODY = YES;
				CLANG_WARN_ENUM_CONVERSION = YES;
				CLANG_WARN_INFINITE_RECURSION = YES;
				CLANG_WARN_INT_CONVERSION = YES;
				CLANG_WARN_NON_LITERAL_NULL_CONVERSION = YES;
				CLANG_WARN_OBJC_LITERAL_CONVERSION = YES;
				CLANG_WARN_OBJC_ROOT_CLASS = YES_ERROR;
				CLANG_WARN_RANGE_LOOP_ANALYSIS = YES;
				CLANG_WARN_STRICT_PROTOTYPES = YES;
				CLANG_WARN_SUSPICIOUS_MOVE = YES;
				CLANG_WARN_UNGUARDED_AVAILABILITY = YES_AGGRESSIVE;
				CLANG_WARN_UNREACHABLE_CODE = YES;
				CLANG_WARN__DUPLICATE_METHOD_MATCH = YES;
				CODE_SIGN_IDENTITY = "iPhone Developer";
				COPY_PHASE_STRIP = NO;
				DEBUG_INFORMATION_FORMAT = "dwarf-with-dsym";
				ENABLE_NS_ASSERTIONS = NO;
				ENABLE_STRICT_OBJC_MSGSEND = YES;
				GCC_C_LANGUAGE_STANDARD = gnu11;
				GCC_NO_COMMON_BLOCKS = YES;
				GCC_WARN_64_TO_32_BIT_CONVERSION = YES;
				GCC_WARN_ABOUT_RETURN_TYPE = YES_ERROR;
				GCC_WARN_UNDECLARED_SELECTOR = YES;
				GCC_WARN_UNINITIALIZED_AUTOS = YES_AGGRESSIVE;
				GCC_WARN_UNUSED_FUNCTION = YES;
				GCC_WARN_UNUSED_VARIABLE = YES;
				IPHONEOS_DEPLOYMENT_TARGET = 11.2;
				MTL_ENABLE_DEBUG_INFO = NO;
				SDKROOT = iphoneos;
				SWIFT_OPTIMIZATION_LEVEL = "-Owholemodule";
				VALIDATE_PRODUCT = YES;
			};
			name = Release;
		};
		08EAC52321EA169E0023FF98 /* Debug */ = {
			isa = XCBuildConfiguration;
			buildSettings = {
				ASSETCATALOG_COMPILER_APPICON_NAME = AppIcon;
				CODE_SIGN_STYLE = Automatic;
				INFOPLIST_FILE = Rush00/Info.plist;
				LD_RUNPATH_SEARCH_PATHS = "$(inherited) @executable_path/Frameworks";
				PRODUCT_BUNDLE_IDENTIFIER = mmoullec.Rush00;
				PRODUCT_NAME = "$(TARGET_NAME)";
				SWIFT_VERSION = 4.0;
				TARGETED_DEVICE_FAMILY = "1,2";
			};
			name = Debug;
		};
		08EAC52421EA169E0023FF98 /* Release */ = {
			isa = XCBuildConfiguration;
			buildSettings = {
				ASSETCATALOG_COMPILER_APPICON_NAME = AppIcon;
				CODE_SIGN_STYLE = Automatic;
				INFOPLIST_FILE = Rush00/Info.plist;
				LD_RUNPATH_SEARCH_PATHS = "$(inherited) @executable_path/Frameworks";
				PRODUCT_BUNDLE_IDENTIFIER = mmoullec.Rush00;
				PRODUCT_NAME = "$(TARGET_NAME)";
				SWIFT_VERSION = 4.0;
				TARGETED_DEVICE_FAMILY = "1,2";
			};
			name = Release;
		};
/* End XCBuildConfiguration section */

/* Begin XCConfigurationList section */
		08EAC50B21EA169E0023FF98 /* Build configuration list for PBXProject "Rush00" */ = {
			isa = XCConfigurationList;
			buildConfigurations = (
				08EAC52021EA169E0023FF98 /* Debug */,
				08EAC52121EA169E0023FF98 /* Release */,
			);
			defaultConfigurationIsVisible = 0;
			defaultConfigurationName = Release;
		};
		08EAC52221EA169E0023FF98 /* Build configuration list for PBXNativeTarget "Rush00" */ = {
			isa = XCConfigurationList;
			buildConfigurations = (
				08EAC52321EA169E0023FF98 /* Debug */,
				08EAC52421EA169E0023FF98 /* Release */,
			);
			defaultConfigurationIsVisible = 0;
			defaultConfigurationName = Release;
		};
/* End XCConfigurationList section */
	};
	rootObject = 08EAC50821EA169E0023FF98 /* Project object */;
}
